lockfileVersion: '9.0'

settings:
  autoInstallPeers: true
  excludeLinksFromLockfile: false

importers:

  .:
    dependencies:
      '@graphysdk/react-renderer':
        specifier: 0.0.1-alpha.20260721093629
        version: 0.0.1-alpha.20260721093629(eb29d7c905f54018e7048d904b4af8fa)
      '@graphysdk/viz-engine':
        specifier: 0.0.1-alpha.20260721093629
        version: 0.0.1-alpha.20260721093629(react-intl@8.1.4(@types/react@19.2.17)(react@19.2.7)(typescript@5.9.3))(react@19.2.7)
      typescript:
        specifier: ^5.9.3
        version: 5.9.3

packages:

  '@babel/runtime@7.29.7':
    resolution: {integrity: sha512-Nq8OhGWiZIZGV6hLHoyAKLLcJihP/xFeBMGJoUrxTX2psI8dCifzLhZISFb+VWS3wFMRDmCGw5R+dOySCqPLhw==}
    engines: {node: '>=6.9.0'}

  '@base-ui/react@1.6.0':
    resolution: {integrity: sha512-/jzjTWJYXhRFO45Bev9lc3cHbmjzCMpUqbMZ2AgKy/z25mY9B6shGSNcXcjQar9n5doM0KYW1W8fcFv2jZBuMw==}
    engines: {node: '>=14.0.0'}
    peerDependencies:
      '@date-fns/tz': ^1.2.0
      '@types/react': ^17 || ^18 || ^19
      date-fns: ^4.0.0
      react: ^17 || ^18 || ^19
      react-dom: ^17 || ^18 || ^19
    peerDependenciesMeta:
      '@date-fns/tz':
        optional: true
      '@types/react':
        optional: true
      date-fns:
        optional: true

  '@base-ui/utils@0.3.1':
    resolution: {integrity: sha512-gFFiltORVmW/N6IILTGxizP3PBpVpysqML1ALY5Vk0mH+7faVkCknOU31goYHN5Aoek2dkjxva1XOD2Ce9WuIg==}
    peerDependencies:
      '@types/react': ^17 || ^18 || ^19
      react: ^17 || ^18 || ^19
      react-dom: ^17 || ^18 || ^19
    peerDependenciesMeta:
      '@types/react':
        optional: true

  '@emotion/hash@0.9.2':
    resolution: {integrity: sha512-MyqliTZGuOm3+5ZRSaaBGP3USLw6+EGykkwZns2EPC5g8jJ4z9OrdZY9apkl3+UP9+sdz76YYkwCKP5gh8iY3g==}

  '@floating-ui/core@1.8.0':
    resolution: {integrity: sha512-0CIZ5itps/8x7BG8dEIhs53BvCUH2PCoogtakwRTut+Arm58sJooJ0AuZhLw2HJYIR5cMLNPBSS728sPho2khQ==}

  '@floating-ui/dom@1.8.0':
    resolution: {integrity: sha512-yXSrzeHZBTZadLOlfyhCkJHNeLJnHRnRInwdZ40L7ZiaAtrBwoYlsDrX3v5zB1Utk7CLfzcOVnVVWoXEky7Ceg==}

  '@floating-ui/react-dom@2.1.9':
    resolution: {integrity: sha512-JDjEFGCpImxDCA7JJKviA0M9+RtmJdj0m/NVU5IMgBK+AmZouAQQ7/+2GLH0GXXY0YMw9oXPB8hKdbPYg5QLYg==}
    peerDependencies:
      react: '>=16.8.0'
      react-dom: '>=16.8.0'

  '@floating-ui/utils@0.2.12':
    resolution: {integrity: sha512-HpCo8tmWzLVad5s2d19EhAz5zqrrQ6s69qd6moPMQvkOuSwDT1YgRfWSVuc4ennqrgv3OHppiOGMQ7oC13yIww==}

  '@formatjs/ecma402-abstract@3.1.1':
    resolution: {integrity: sha512-jhZbTwda+2tcNrs4kKvxrPLPjx8QsBCLCUgrrJ/S+G9YrGHWLhAyFMMBHJBnBoOwuLHd7L14FgYudviKaxkO2Q==}

  '@formatjs/fast-memoize@3.1.0':
    resolution: {integrity: sha512-b5mvSWCI+XVKiz5WhnBCY3RJ4ZwfjAidU0yVlKa3d3MSgKmH1hC3tBGEAtYyN5mqL7N0G5x0BOUYyO8CEupWgg==}

  '@formatjs/icu-messageformat-parser@3.5.1':
    resolution: {integrity: sha512-sSDmSvmmoVQ92XqWb499KrIhv/vLisJU8ITFrx7T7NZHUmMY7EL9xgRowAosaljhqnj/5iufG24QrdzB6X3ItA==}

  '@formatjs/icu-skeleton-parser@2.1.1':
    resolution: {integrity: sha512-PSFABlcNefjI6yyk8f7nyX1DC7NHmq6WaCHZLySEXBrXuLOB2f935YsnzuPjlz+ibhb9yWTdPeVX1OVcj24w2Q==}

  '@formatjs/intl-localematcher@0.8.1':
    resolution: {integrity: sha512-xwEuwQFdtSq1UKtQnyTZWC+eHdv7Uygoa+H2k/9uzBVQjDyp9r20LNDNKedWXll7FssT3GRHvqsdJGYSUWqYFA==}

  '@formatjs/intl@4.1.2':
    resolution: {integrity: sha512-V60fNY/X/7zqmRffr7qPwscGmVGYDmlKF069mSQ2a/7fE22q602NtIfOQY8vzRA63Gr/O/U6vjRVBHMabrnA9A==}
    peerDependencies:
      typescript: ^5.6.0
    peerDependenciesMeta:
      typescript:
        optional: true

  '@graphysdk/i18n@1.7.2':
    resolution: {integrity: sha512-8sa/jq8g3pu0XVQo9m/ArHjjLNnWG51MHHOUKOHNdOS1W6YeSXU3jcuiltqonbZPVQekmVgbkxZzRyBrZjS2vQ==}
    peerDependencies:
      react: '*'
      react-intl: '*'
    peerDependenciesMeta:
      react:
        optional: true
      react-intl:
        optional: true

  '@graphysdk/react-renderer@0.0.1-alpha.20260721093629':
    resolution: {integrity: sha512-TgYr1RdOLWq+Ri4mFLdeK1Ip+Eo6eAVy+mmqV3I0Xqdk7+/DKwdRbZ6PfruljuYgZ90TLuV+zNGp+O8We7z7wQ==}
    peerDependencies:
      '@tiptap/core': ^3.0.0
      '@tiptap/extension-bold': ^3.0.0
      '@tiptap/extension-document': ^3.0.0
      '@tiptap/extension-hard-break': ^3.0.0
      '@tiptap/extension-heading': ^3.0.0
      '@tiptap/extension-italic': ^3.0.0
      '@tiptap/extension-link': ^3.0.0
      '@tiptap/extension-paragraph': ^3.0.0
      '@tiptap/extension-text': ^3.0.0
      '@tiptap/extension-text-align': ^3.0.0
      '@tiptap/extension-text-style': ^3.0.0
      '@tiptap/extension-underline': ^3.0.0
      '@tiptap/extensions': ^3.0.0
      '@tiptap/pm': ^3.0.0
      '@tiptap/react': ^3.0.0
      react: ^19.0.0

  '@graphysdk/viz-engine@0.0.1-alpha.20260721093629':
    resolution: {integrity: sha512-ufs3sLMdfpsMaIBr0ETPOaqp/IKI1cIMMRkiVIfv0aZ7gZNA0zSDtdrF393zOlkwgXHLoye/heLQYi37WLKONQ==}

  '@swc/helpers@0.5.23':
    resolution: {integrity: sha512-5lSsMOTXURePglDfvuAQUqkGek9Hg2kksOYay2m0+XR++b2NWYL/4sWyuvVBIs8oKnJaxkdi9whaL/sqN13afw==}

  '@tiptap/core@3.28.0':
    resolution: {integrity: sha512-gUuD5WAYfbDxNSSJya/emh2KSzXZXLUYKW4fEnc1AQ5FE2twzh4LJ9UlKFIawigrUCAksWI5Fy1hRbv+5m4ZdQ==}
    peerDependencies:
      '@tiptap/pm': 3.28.0

  '@tiptap/extension-bold@3.28.0':
    resolution: {integrity: sha512-JhZQmr0AU741bOwjVMfuwJdK4g0TQwwPbeca9aqKHv5zvZw4i4G9G6fESVyMFc3Yag1ffpnq5EtNldHKTnMhlw==}
    peerDependencies:
      '@tiptap/core': 3.28.0

  '@tiptap/extension-bubble-menu@3.28.0':
    resolution: {integrity: sha512-7AUNoHj2K4XLKCgW4uspeD/ENejPu2BeHvLTsiOoIO+XXDNSi2j0bbaIS8f2s/qnFirscwp/sbznp1qph/76qg==}
    peerDependencies:
      '@tiptap/core': 3.28.0
      '@tiptap/pm': 3.28.0

  '@tiptap/extension-document@3.28.0':
    resolution: {integrity: sha512-5SAKtlB1Tr/eZFhISL86HqmUup6rItvPtuPyRjmZo/VgbMwXEwiyAh1sMgFp5VNaeSMM14vJSyQpjhSaOmaBqg==}
    peerDependencies:
      '@tiptap/core': 3.28.0

  '@tiptap/extension-floating-menu@3.28.0':
    resolution: {integrity: sha512-59SECvJq3pQfeJBuydEdhQqrpl0oDlk8N1Ovs1Si3/fJa6rEQAJB2zIvcpBHky9Z+5JodI2eueDnv8eimiyGbg==}
    peerDependencies:
      '@floating-ui/dom': ^1.0.0
      '@tiptap/core': 3.28.0
      '@tiptap/pm': 3.28.0

  '@tiptap/extension-hard-break@3.28.0':
    resolution: {integrity: sha512-JHIFjX1luJgQ4VFEkIeXZpbc54Qiw+69P8FmlazYTh7AIJ6iLCpMFgQFELnivEAZ+/vS0lMPQubg0rCeM3UrHw==}
    peerDependencies:
      '@tiptap/core': 3.28.0

  '@tiptap/extension-heading@3.28.0':
    resolution: {integrity: sha512-rKjGG/Ik2lNaXBNVmONEDm5DBfGDLM1NWgSf5RRfBISrH8Lm1xqFruOB9tIaB0YUoSV3SBOiwTF9svmzvKSoRA==}
    peerDependencies:
      '@tiptap/core': 3.28.0

  '@tiptap/extension-italic@3.28.0':
    resolution: {integrity: sha512-Yur/ELz6dNVKQC7m8wGjtoLFxamGjJmA0rUEEOacTH6J39aFmcSxYkEGNDkYHbZFyHFYqbej6eI3VE0h08O0mg==}
    peerDependencies:
      '@tiptap/core': 3.28.0

  '@tiptap/extension-link@3.28.0':
    resolution: {integrity: sha512-hy/PqSeTyl317yseFcHGE+3XVfQKQYaL4uZuj27xlrcO7MZ15drt1h9sUZy1FTBF3mr8676pQu7aoEm/Ww4ZRA==}
    peerDependencies:
      '@tiptap/core': 3.28.0
      '@tiptap/pm': 3.28.0

  '@tiptap/extension-paragraph@3.28.0':
    resolution: {integrity: sha512-8UMlQIjzqf6r2hSJ/VeJ00RqaOrOB1J5rTk02Vcw2pYeHkOqp+B0ff0HFu4abT9x1q4oXrBAgMsxRtgh/kR14Q==}
    peerDependencies:
      '@tiptap/core': 3.28.0

  '@tiptap/extension-text-align@3.28.0':
    resolution: {integrity: sha512-P+KQMTtCpLFq9dRvy/fbyu2BGALulT/1HtsLbpFG4tKATaKa+cFnJ7rLZF7b3AdAMDNtXdnivxAtixAMBt2QWw==}
    peerDependencies:
      '@tiptap/core': 3.28.0

  '@tiptap/extension-text-style@3.28.0':
    resolution: {integrity: sha512-UreMyqZSv770+CXJK/l1qeHUdaNMQAVkxSOPWpiY9FiT8B4OQyjA7WBOlWrzbvVTzfJvXWk2Y3SWgVRx+/Cd9A==}
    peerDependencies:
      '@tiptap/core': 3.28.0

  '@tiptap/extension-text@3.28.0':
    resolution: {integrity: sha512-Jqp1LgfY1mnp4TQHoy+vnHyfn6qnnAM6nHgGwbY5zA8b/Xf1Etll6pziTx9p1J1qcfAgSrnjOyAmA++H7VQqww==}
    peerDependencies:
      '@tiptap/core': 3.28.0

  '@tiptap/extension-underline@3.28.0':
    resolution: {integrity: sha512-rwxCS6vTh2DJkNIYQX7JSrrRSmm76e2y48aZeuZO5ShkvLWMuJ3/zqDHRxAQVDiJhuE2Cp8NrTmPYlUc9YrT0A==}
    peerDependencies:
      '@tiptap/core': 3.28.0

  '@tiptap/extensions@3.28.0':
    resolution: {integrity: sha512-DJT1khCK+O/pT1gQlAnoKAx6zwDkgv7GtnhSfkqm1/4KHC3x+SSJnBIgBl9oGHymA+DxWbW1EULU4V3d/kT2uQ==}
    peerDependencies:
      '@tiptap/core': 3.28.0
      '@tiptap/pm': 3.28.0

  '@tiptap/pm@3.28.0':
    resolution: {integrity: sha512-ALcpwZMUdat9gjJKlpscpoqXStoLhU246LPEVBDvJdIsoUKvUu3MrzfXik2Y8mtSGfhjtm9O2TRkWxQiFVMwsQ==}

  '@tiptap/react@3.28.0':
    resolution: {integrity: sha512-BxzSAqaDEldQ97K/v6+GizU1/Dxx9VWkRh7PLQql6bXlAMiz6T1G3dGt25vvv1hQ1FoMt5ExWY5NkrPmR8G8ew==}
    peerDependencies:
      '@tiptap/core': 3.28.0
      '@tiptap/pm': 3.28.0
      '@types/react': ^17.0.0 || ^18.0.0 || ^19.0.0
      '@types/react-dom': ^17.0.0 || ^18.0.0 || ^19.0.0
      react: ^17.0.0 || ^18.0.0 || ^19.0.0
      react-dom: ^17.0.0 || ^18.0.0 || ^19.0.0

  '@types/command-line-args@5.2.3':
    resolution: {integrity: sha512-uv0aG6R0Y8WHZLTamZwtfsDLVRnOa+n+n5rEvFWL5Na5gZ8V2Teab/duDPFzIIIhs9qizDpcavCusCLJZu62Kw==}

  '@types/command-line-usage@5.0.4':
    resolution: {integrity: sha512-BwR5KP3Es/CSht0xqBcUXS3qCAUVXwpRKsV2+arxeb65atasuXG9LykC9Ab10Cw3s2raH92ZqOeILaQbsB2ACg==}

  '@types/hoist-non-react-statics@3.3.7':
    resolution: {integrity: sha512-PQTyIulDkIDro8P+IHbKCsw7U2xxBYflVzW/FgWdCAePD9xGSidgA76/GeJ6lBKoblyhf9pBY763gbrN+1dI8g==}
    peerDependencies:
      '@types/react': '*'

  '@types/node@20.19.43':
    resolution: {integrity: sha512-6oYBAi5ikg4Pl+kGsoYtawUMBT2zZMCvPNF7pVLnHZfd1zf38DRiWn/gT01RYCdUqkv7Fhr+C9ot4/tb+2sVvA==}

  '@types/react-dom@19.2.3':
    resolution: {integrity: sha512-jp2L/eY6fn+KgVVQAOqYItbF0VY/YApe5Mz2F0aykSO8gx31bYCZyvSeYxCHKvzHG5eZjc+zyaS5BrBWya2+kQ==}
    peerDependencies:
      '@types/react': ^19.2.0

  '@types/react@19.2.17':
    resolution: {integrity: sha512-MXfmqaVPEVgkBT/aY0aGCkRWWtByiYQXo3xdQ8r5RzuFrPiRn8Gar2tQdXSUQ2GKV3bkXckek89V8wQBY2Q/Aw==}

  '@types/use-sync-external-store@0.0.6':
    resolution: {integrity: sha512-zFDAD+tlpf2r4asuHEj0XH6pY6i0g5NeAHPn+15wk3BV6JA69eERFXC1gyGThDkVa1zCyKr5jox1+2LbV/AMLg==}

  '@vanilla-extract/css@1.21.1':
    resolution: {integrity: sha512-T6z6oeT+o0OwqukE6kLs9w5ooB75b8NPRadyU9pPTml83l40TPN+mscPt2OQ9P9cYfwEBMfsfivwiJujs2mzmg==}

  '@vanilla-extract/dynamic@2.1.5':
    resolution: {integrity: sha512-QGIFGb1qyXQkbzx6X6i3+3LMc/iv/ZMBttMBL+Wm/DetQd36KsKsFg5CtH3qy+1hCA/5w93mEIIAiL4fkM8ycw==}

  '@vanilla-extract/private@1.0.9':
    resolution: {integrity: sha512-gT2jbfZuaaCLrAxwXbRgIhGhcXbRZCG3v4TTUnjw0EJ7ArdBRxkq4msNJkbuRkCgfIK5ATmprB5t9ljvLeFDEA==}

  acorn@8.17.0:
    resolution: {integrity: sha512-xRQbDb9BnwDafYNn6Vwl839DYVjqXYb1XVGtWAZ1kcDc6iwAL4hg3B1dZlRiuENFeO2H53gFG3in621AdERVAg==}
    engines: {node: '>=0.4.0'}
    hasBin: true

  ansi-styles@4.3.0:
    resolution: {integrity: sha512-zbB9rCJAT1rbjiVDb2hqKFHNYLxgtk8NURxZ3IZwD3F6NtxbXZQCnnSi1Lkx+IDohdPlFp222wVALIheZJQSEg==}
    engines: {node: '>=8'}

  apache-arrow@15.0.2:
    resolution: {integrity: sha512-RvwlFxLRpO405PLGffx4N2PYLiF7FD86Q1hHl6J2XCWiq+tTCzpb9ngFw0apFDcXZBMpCzMuwAvA7hjyL1/73A==}
    hasBin: true

  arquero@5.4.1:
    resolution: {integrity: sha512-yZhBU0/bYaB3mfqWShl0Opb3WaIOOWpnQ/pNvpIwQ5AXm4vd6ryljjl1l5RtHR/ENK7BSmNJD6SPygLXhnan9A==}

  array-back@3.1.0:
    resolution: {integrity: sha512-TkuxA4UCOvxuDK6NZYXCalszEzj+TLszyASooky+i742l9TqsOdYCMJJupxRic61hwquNtppB3hgcuq9SVSH1Q==}
    engines: {node: '>=6'}

  array-back@6.2.3:
    resolution: {integrity: sha512-SGDvmg6QTYiTxCBkYVmThcoa67uLl35pyzRHdpCGBOcqFy6BtwnphoFPk7LhJshD+Yk1Kt35WGWeZPTgwR4Fhw==}
    engines: {node: '>=12.17'}

  chalk-template@0.4.0:
    resolution: {integrity: sha512-/ghrgmhfY8RaSdeo43hNXxpoHAtxdbskUHjPpfqUWGttFgycUhYPGx3YZBCnUCvOa7Doivn1IZec3DEGFoMgLg==}
    engines: {node: '>=12'}

  chalk@4.1.2:
    resolution: {integrity: sha512-oKnbhFyRIXpUuez8iBMmyEa4nbj4IOQyuhc/wy9kY7/WVPcwIO9VA668Pu8RkO7+0G76SLROeyw9CpQ061i4mA==}
    engines: {node: '>=10'}

  clsx@2.1.1:
    resolution: {integrity: sha512-eYm0QWBtUrBWZWG0d386OGAw16Z995PiOVo2B7bjWSbHedGl5e0ZWaq65kOGgUSNesEIDkB9ISbTg/JK9dhCZA==}
    engines: {node: '>=6'}

  color-convert@2.0.1:
    resolution: {integrity: sha512-RRECPsj7iu/xb5oKYcsFHSppFNnsj/52OVTRKb4zP5onXwVF3zVmmToNcOfGC+CRDpfK/U584fMg38ZHCaElKQ==}
    engines: {node: '>=7.0.0'}

  color-name@1.1.4:
    resolution: {integrity: sha512-dOy+3AuW3a2wNbZHIuMZpTcgjGuLU/uBL/ubcZF9OXbDo8ff4O8yVp5Bf0efS8uEoYo5q4Fx7dY9OgQGXgAsQA==}

  color2k@2.0.4:
    resolution: {integrity: sha512-OXAPGFRNeLFnUfqDtloYdxkwsJoIdXe28+bjbpJiPqyei2HPa3VHmMCWa0Qe62+U4Ftf9Hj7hRssOkxz7WiWbg==}

  command-line-args@5.2.1:
    resolution: {integrity: sha512-H4UfQhZyakIjC74I9d34fGYDwk3XpSr17QhEd0Q3I9Xq1CETHo4Hcuo87WyWHpAF1aSLjLRf5lD9ZGX2qStUvg==}
    engines: {node: '>=4.0.0'}

  command-line-usage@7.0.4:
    resolution: {integrity: sha512-85UdvzTNx/+s5CkSgBm/0hzP80RFHAa7PsfeADE5ezZF3uHz3/Tqj9gIKGT9PTtpycc3Ua64T0oVulGfKxzfqg==}
    engines: {node: '>=12.20.0'}

  css-what@6.2.2:
    resolution: {integrity: sha512-u/O3vwbptzhMs3L1fQE82ZSLHQQfto5gyZzwteVIEyeaY5Fc7R4dapF/BvRoSYFeqfBk4m0V1Vafq5Pjv25wvA==}
    engines: {node: '>= 6'}

  csstype@3.2.3:
    resolution: {integrity: sha512-z1HGKcYy2xA8AGQfwrn0PAy+PB7X/GSj3UVJW9qKyn43xWa+gl5nXmU4qqLMRzWVLFC8KusUX8T/0kCiOYpAIQ==}

  d3-array@2.12.1:
    resolution: {integrity: sha512-B0ErZK/66mHtEsR1TkPEEkwdy+WDesimkM5gpZr5Dsg54BiTA5RXtYW5qTLIAcekaS9xfZrzBLF/OAkB3Qn1YQ==}

  d3-array@3.2.4:
    resolution: {integrity: sha512-tdQAmyA18i4J7wprpYq8ClcxZy3SC31QMeByyCFyRt7BVHdREQZ5lpzoe5mFEYZUWe+oq8HBvk9JjpibyEV4Jg==}
    engines: {node: '>=12'}

  d3-color@3.1.0:
    resolution: {integrity: sha512-zg/chbXyeBtMQ1LbD/WSoW2DpC3I0mpmPdW+ynRTj/x2DAWYrIY7qeZIHidozwV24m4iavr15lNwIwLxRmOxhA==}
    engines: {node: '>=12'}

  d3-delaunay@6.0.4:
    resolution: {integrity: sha512-mdjtIZ1XLAM8bm/hx3WwjfHt6Sggek7qH043O8KEjDXN40xi3vx/6pYSVTwLjEgiXQTbvaouWKynLBiUZ6SK6A==}
    engines: {node: '>=12'}

  d3-format@3.1.2:
    resolution: {integrity: sha512-AJDdYOdnyRDV5b6ArilzCPPwc1ejkHcoyFarqlPqT7zRYjhavcT3uSrqcMvsgh2CgoPbK3RCwyHaVyxYcP2Arg==}
    engines: {node: '>=12'}

  d3-interpolate-path@2.3.0:
    resolution: {integrity: sha512-tZYtGXxBmbgHsIc9Wms6LS5u4w6KbP8C09a4/ZYc4KLMYYqub57rRBUgpUr2CIarIrJEpdAWWxWQvofgaMpbKQ==}

  d3-interpolate@3.0.1:
    resolution: {integrity: sha512-3bYs1rOD33uo8aqJfKP3JWPAibgw8Zm2+L9vBKEHJ2Rg+viTR7o5Mmv5mZcieN+FRYaAOWX5SJATX6k1PWz72g==}
    engines: {node: '>=12'}

  d3-path@3.1.0:
    resolution: {integrity: sha512-p3KP5HCf/bvjBSSKuXid6Zqijx7wIfNW+J/maPs+iwR35at5JCbLUT0LzF1cnjbCHWhqzQTIN2Jpe8pRebIEFQ==}
    engines: {node: '>=12'}

  d3-regression@1.3.10:
    resolution: {integrity: sha512-PF8GWEL70cHHWpx2jUQXc68r1pyPHIA+St16muk/XRokETzlegj5LriNKg7o4LR0TySug4nHYPJNNRz/W+/Niw==}

  d3-scale@4.0.2:
    resolution: {integrity: sha512-GZW464g1SH7ag3Y7hXjf8RoUuAFIqklOAq3MRl4OaWabTFJY9PN/E1YklhXLh+OQ3fM9yS2nOkCoS+WLZ6kvxQ==}
    engines: {node: '>=12'}

  d3-shape@3.2.0:
    resolution: {integrity: sha512-SaLBuwGm3MOViRq2ABk3eLoxwZELpH6zhl3FbAoJ7Vm1gofKx6El1Ib5z23NUEhF9AsGl7y+dzLe5Cw2AArGTA==}
    engines: {node: '>=12'}

  d3-time-format@4.1.0:
    resolution: {integrity: sha512-dJxPBlzC7NugB2PDLwo9Q8JiTR3M3e4/XANkreKSUxF8vvXKqm1Yfq4Q5dl8budlunRVlUUaDUgFt7eA8D6NLg==}
    engines: {node: '>=12'}

  d3-time@2.1.1:
    resolution: {integrity: sha512-/eIQe/eR4kCQwq7yxi7z4c6qEXf2IYGcjoWB5OOQy4Tq9Uv39/947qlDcN2TLkiTzQWzvnsuYPB9TrWaNfipKQ==}

  date-fns@3.6.0:
    resolution: {integrity: sha512-fRHTG8g/Gif+kSh50gaGEdToemgfj74aRX3swtiouboip5JDLAyDE9F11nHMIcvOaXeOC6D7SpNhi7uFyB7Uww==}

  decimal.js@10.6.0:
    resolution: {integrity: sha512-YpgQiITW3JXGntzdUmyUR1V812Hn8T1YVXhCu+wO3OpS4eU9l4YdD3qjyiKdV6mvV29zapkMeD390UVEf2lkUg==}

  dedent@1.7.2:
    resolution: {integrity: sha512-WzMx3mW98SN+zn3hgemf4OzdmyNhhhKz5Ay0pUfQiMQ3e1g+xmTJWp/pKdwKVXhdSkAEGIIzqeuWrL3mV/AXbA==}
    peerDependencies:
      babel-plugin-macros: ^3.1.0
    peerDependenciesMeta:
      babel-plugin-macros:
        optional: true

  deep-object-diff@1.1.9:
    resolution: {integrity: sha512-Rn+RuwkmkDwCi2/oXOFS9Gsr5lJZu/yTGpK7wAaAIE75CC+LCGEZHpY6VQJa/RoJcrmaA/docWJZvYohlNkWPA==}

  deepmerge@4.3.1:
    resolution: {integrity: sha512-3sUqbMEc77XqpdNO7FRyRog+eW3ph+GYCbj+rK+uYyRMuwsVy0rMiVtPn+QJlKFvWP/1PYpapqYn0Me2knFn+A==}
    engines: {node: '>=0.10.0'}

  delaunator@5.1.0:
    resolution: {integrity: sha512-AGrQ4QSgssa1NGmWmLPqN5NY2KajF5MqxetNEO+o0n3ZwZZeTmt7bBnvzHWrmkZFxGgr4HdyFgelzgi06otLuQ==}

  fast-equals@5.4.1:
    resolution: {integrity: sha512-DjlFSM5Pk9cGcL0q5QXl66eGzx0N6szNgaswwc5ZphlBohjTVJSnGgI+rJVOgOi65qUoQnDZN4nDqi33udtydQ==}
    engines: {node: '>=6.0.0'}

  find-replace@3.0.0:
    resolution: {integrity: sha512-6Tb2myMioCAgv5kfvP5/PkZZ/ntTpVK39fHY7WkWBgvbeE+VHd/tZuZ4mrC+bxh4cfOZeYKVPaJIZtZXV7GNCQ==}
    engines: {node: '>=4.0.0'}

  flatbuffers@23.5.26:
    resolution: {integrity: sha512-vE+SI9vrJDwi1oETtTIFldC/o9GsVKRM+s6EL0nQgxXlYV1Vc4Tk30hj4xGICftInKQKj1F3up2n8UbIVobISQ==}

  framer-motion@12.42.2:
    resolution: {integrity: sha512-5XY9luDiu0oHfHBjpDthFMh0ES+122w6p/papSJBweMkO8Sn+PW2QaEgRblQBpWFnuvZS5qvarpt/hO2pjGmnw==}
    peerDependencies:
      '@emotion/is-prop-valid': '*'
      react: ^18.0.0 || ^19.0.0
      react-dom: ^18.0.0 || ^19.0.0
    peerDependenciesMeta:
      '@emotion/is-prop-valid':
        optional: true
      react:
        optional: true
      react-dom:
        optional: true

  has-flag@4.0.0:
    resolution: {integrity: sha512-EykJT/Q1KjTWctppgIAgfSO0tKVuZUjhgMr17kqTumMl6Afv3EISleU7qZUzoXDFTAHTDC4NOoG/ZxU3EvlMPQ==}
    engines: {node: '>=8'}

  hoist-non-react-statics@3.3.2:
    resolution: {integrity: sha512-/gGivxi8JPKWNm/W0jSmzcMPpfpPLc3dY/6GxhX2hQ9iGj3aDfklV4ET7NjKpSinLpJ5vafa9iiGIEZg10SfBw==}

  humanize-duration@3.34.0:
    resolution: {integrity: sha512-NDxhYxiiRzsST6xULIHuYWRvsCtviJXRdjarhyWyh78S4Ou+MWhM2k4HQ+y7iegdrzreXe11isd0au1N2PB/pQ==}

  internmap@1.0.1:
    resolution: {integrity: sha512-lDB5YccMydFBtasVtxnZ3MRBHuaoE8GKsppq+EchKL2U4nK/DmEpPHNH8MZe5HkMtpSiTSOZwfN0tzYjO/lJEw==}

  internmap@2.0.3:
    resolution: {integrity: sha512-5Hh7Y1wQbvY5ooGgPbDaL5iYLAPzMTUrjMulskHLH6wnv/A+1q5rgEaiuqEjB+oxGXIVZs1FF+R/KPN3ZSQYYg==}
    engines: {node: '>=12'}

  intl-messageformat@11.1.2:
    resolution: {integrity: sha512-ucSrQmZGAxfiBHfBRXW/k7UC8MaGFlEj4Ry1tKiDcmgwQm1y3EDl40u+4VNHYomxJQMJi9NEI3riDRlth96jKg==}

  json-bignum@0.0.3:
    resolution: {integrity: sha512-2WHyXj3OfHSgNyuzDbSxI1w2jgw5gkWSWhS7Qg4bWXx1nLk3jnbwfUeS0PSba3IzpTUWdHxBieELUzXRjQB2zg==}
    engines: {node: '>=0.8'}

  linkifyjs@4.3.3:
    resolution: {integrity: sha512-P8aEP5U/D1/IlTY2OeYsErdwh9bGuLE30NcXtKEjgdHcahveQoQwM2yZNsioQHsWFz0P7KKudisbrzCgR0sDHg==}

  lodash-es@4.18.1:
    resolution: {integrity: sha512-J8xewKD/Gk22OZbhpOVSwcs60zhd95ESDwezOFuA3/099925PdHJ7OFHNTGtajL3AlZkykD32HykiMo+BIBI8A==}

  lodash.camelcase@4.3.0:
    resolution: {integrity: sha512-TwuEnCnxbc3rAvhf/LbG7tJUDzhqXyFnv3dtzLOPgCG/hODL7WFnsbwktkD7yUV0RrreP/l1PALq/YSg6VvjlA==}

  lru-cache@10.4.3:
    resolution: {integrity: sha512-JNAzZcXrCt42VGLuYz0zfAzDfAvJWW6AfYlDBQyDV5DClI2m5sAmK+OIO7s59XfsRsWHp02jAJrRadPRGTt6SQ==}

  media-query-parser@2.0.2:
    resolution: {integrity: sha512-1N4qp+jE0pL5Xv4uEcwVUhIkwdUO3S/9gML90nqKA7v7FcOS5vUtatfzok9S9U1EJU8dHWlcv95WLnKmmxZI9w==}

  modern-ahocorasick@1.1.0:
    resolution: {integrity: sha512-sEKPVl2rM+MNVkGQt3ChdmD8YsigmXdn5NifZn6jiwn9LRJpWm8F3guhaqrJT/JOat6pwpbXEk6kv+b9DMIjsQ==}

  motion-dom@12.42.2:
    resolution: {integrity: sha512-5gIMWLp/PycBtJRJWRgjxke5n8dlvkSn2DrYW+tr3XcqAZY1xZh6BJyooJXCM8wdfM7wfMjkBJNLge1CKPUIRA==}

  motion-utils@12.39.0:
    resolution: {integrity: sha512-8nadJAJjTtqRkmRF36FoJTrywK9nnFmnPwnSMyxaOCU7GDjN9RTMJIxx9De8ErM+vpPhMccr/6fo5WciyQLnMQ==}

  motion@12.42.2:
    resolution: {integrity: sha512-Atvv11yUKIid41cVrRBDVX5m8tF8kNpExRSlbpt6APClhDjtwQssgFHhQzejxw7/7YYbjHSPKBVbHo05BuJT5Q==}
    peerDependencies:
      '@emotion/is-prop-valid': '*'
      react: ^18.0.0 || ^19.0.0
      react-dom: ^18.0.0 || ^19.0.0
    peerDependenciesMeta:
      '@emotion/is-prop-valid':
        optional: true
      react:
        optional: true
      react-dom:
        optional: true

  node-fetch@2.7.0:
    resolution: {integrity: sha512-c4FRfUm/dbcWZ7U+1Wq0AwCyFL+3nt2bEw05wfxSz+DWpWsitgmSgYmy2dQdWyKC1694ELPqMs/YzUSNozLt8A==}
    engines: {node: 4.x || >=6.0.0}
    peerDependencies:
      encoding: ^0.1.0
    peerDependenciesMeta:
      encoding:
        optional: true

  orderedmap@2.1.1:
    resolution: {integrity: sha512-TvAWxi0nDe1j/rtMcWcIj94+Ffe6n7zhow33h40SKxmsmozs6dz/e+EajymfoFcHd7sxNn8yHM8839uixMOV6g==}

  picocolors@1.1.1:
    resolution: {integrity: sha512-xceH2snhtb5M9liqDsmEw56le376mTZkEX/jEb/RxNFyegNul7eNslCXP9FDj/Lcu0X8KEyMceP2ntpaHrDEVA==}

  prosemirror-changeset@2.4.1:
    resolution: {integrity: sha512-96WBLhOaYhJ+kPhLg3uW359Tz6I/MfcrQfL4EGv4SrcqKEMC1gmoGrXHecPE8eOwTVCJ4IwgfzM8fFad25wNfw==}

  prosemirror-commands@1.7.1:
    resolution: {integrity: sha512-rT7qZnQtx5c0/y/KlYaGvtG411S97UaL6gdp6RIZ23DLHanMYLyfGBV5DtSnZdthQql7W+lEVbpSfwtO8T+L2w==}

  prosemirror-dropcursor@1.8.3:
    resolution: {integrity: sha512-FoYbsJR8gK+DGlqhNoE29Loa38eIZPzQRIb1VMaDNBoo4OLP6vVof/jR8qFY/6XvUd6Dhug8MDCHl2a/h8RTfQ==}

  prosemirror-gapcursor@1.4.1:
    resolution: {integrity: sha512-pMdYaEnjNMSwl11yjEGtgTmLkR08m/Vl+Jj443167p9eB3HVQKhYCc4gmHVDsLPODfZfjr/MmirsdyZziXbQKw==}

  prosemirror-history@1.5.0:
    resolution: {integrity: sha512-zlzTiH01eKA55UAf1MEjtssJeHnGxO0j4K4Dpx+gnmX9n+SHNlDqI2oO1Kv1iPN5B1dm5fsljCfqKF9nFL6HRg==}

  prosemirror-inputrules@1.5.1:
    resolution: {integrity: sha512-7wj4uMjKaXWAQ1CDgxNzNtR9AlsuwzHfdFH1ygEHA2KHF2DOEaXl1CJfNPAKCg9qNEh4rum975QLaCiQPyY6Fw==}

  prosemirror-keymap@1.2.3:
    resolution: {integrity: sha512-4HucRlpiLd1IPQQXNqeo81BGtkY8Ai5smHhKW9jjPKRc2wQIxksg7Hl1tTI2IfT2B/LgX6bfYvXxEpJl7aKYKw==}

  prosemirror-model@1.25.11:
    resolution: {integrity: sha512-QWg9RhnpLlogAmp3p96uEFrE5txQpFynd4vhBAELkwgOCWQs/X0yCzB3/hrHqiPwf91RG5KyWq6553zs9JqIOQ==}

  prosemirror-schema-list@1.5.1:
    resolution: {integrity: sha512-927lFx/uwyQaGwJxLWCZRkjXG0p48KpMj6ueoYiu4JX05GGuGcgzAy62dfiV8eFZftgyBUvLx76RsMe20fJl+Q==}

  prosemirror-state@1.4.4:
    resolution: {integrity: sha512-6jiYHH2CIGbCfnxdHbXZ12gySFY/fz/ulZE333G6bPqIZ4F+TXo9ifiR86nAHpWnfoNjOb3o5ESi7J8Uz1jXHw==}

  prosemirror-tables@1.8.5:
    resolution: {integrity: sha512-V/0cDCsHKHe/tfWkeCmthNUcEp1IVO3p6vwN8XtwE9PZQLAZJigbw3QoraAdfJPir4NKJtNvOB8oYGKRl+t0Dw==}

  prosemirror-transform@1.12.0:
    resolution: {integrity: sha512-GxboyN4AMIsoHNtz5uf2r2Ru551i5hWeCMD6E2Ib4Eogqoub0NflniaBPVQ4MrGE5yZ8JV9tUHg9qcZTTrcN4w==}

  prosemirror-view@1.42.1:
    resolution: {integrity: sha512-rRqzZnRgkyh69XoOMrfFJHwauHscLBmHbq772kwbic1ymQAM8gXjzEbJse5j1ep2UO2HRIAQL0bY3kZ/RoqjVw==}

  react-colorful@5.8.0:
    resolution: {integrity: sha512-Wy9OzPfjSN9bF12OB8N7UQvlsZ0I+7wHxpN+bV5BjNQGxOj6IiwkRjevJK9yOBjJWGQvAaf1OXtn8rUeEatAng==}
    peerDependencies:
      react: '>=16.8.0'
      react-dom: '>=16.8.0'

  react-dom@19.2.7:
    resolution: {integrity: sha512-t0BRVXvbiE/o20Hfw669rLbMCDWtYZLvmJigy2f0MxsXF+71pxhR3xOkspmsO8h3ZlNzyibAmtCa3l4lYKk6gQ==}
    peerDependencies:
      react: ^19.2.7

  react-intl@8.1.4:
    resolution: {integrity: sha512-veFNQVdT0yk0COP08fUXXJdnaiak9i8538fxlTDFZWAeutFmJe3jqMB7kRzdEn2veEUMBk+usGHtvfLaEuaeJg==}
    peerDependencies:
      '@types/react': '19'
      react: '19'
      typescript: ^5.6.0
    peerDependenciesMeta:
      typescript:
        optional: true

  react-is@16.13.1:
    resolution: {integrity: sha512-24e6ynE2H+OKt4kqsOvNd8kBpV65zoxbA4BVsEOB3ARVWQki/DHzaUoC5KuON/BiccDaCCTZBuOcfZs70kR8bQ==}

  react@19.2.7:
    resolution: {integrity: sha512-HNe9WslTbXmFK8o8cmwgAeJFSBvt1bPdHCVKtaaV+WlAN36mpT4hcRpwbf3fY56ar2oIXzsBpOAiIRHAdY0OlQ==}
    engines: {node: '>=0.10.0'}

  reselect@5.2.0:
    resolution: {integrity: sha512-AgZ3UOZm3YndfrJ4OYjgrT7bmCm/1iqkjvEfH/oYjzh6PD2qw4QuT3jjnXIrpdt4MTpMXclMT3lXbmRY+XRakw==}

  robust-predicates@3.0.3:
    resolution: {integrity: sha512-NS3levdsRIUOmiJ8FZWCP7LG3QpJyrs/TE0Zpf1yvZu8cAJJ6QMW92H1c7kWpdIHo8RvmLxN/o2JXTKHp74lUA==}

  rope-sequence@1.3.4:
    resolution: {integrity: sha512-UT5EDe2cu2E/6O4igUr5PSFs23nvvukicWHx6GnOPlHAiiYbzNuCRQCuiUdHJQcqKalLKlrYJnjY0ySGsXNQXQ==}

  scheduler@0.27.0:
    resolution: {integrity: sha512-eNv+WrVbKu1f3vbYJT/xtiF5syA5HPIMtf9IgY/nKg0sWqzAUEvqY/xm7OcZc/qafLx/iO9FgOmeSAp4v5ti/Q==}

  supports-color@7.2.0:
    resolution: {integrity: sha512-qpCAvRl9stuOHveKsn7HncJRvv501qIacKzQlO/+Lwxc9+0q2wLyv4Dfvt80/DPn2pqOBsJdDiogXGR9+OvwRw==}
    engines: {node: '>=8'}

  table-layout@4.1.1:
    resolution: {integrity: sha512-iK5/YhZxq5GO5z8wb0bY1317uDF3Zjpha0QFFLA8/trAoiLbQD0HUbMesEaxyzUgDxi2QlcbM8IvqOlEjgoXBA==}
    engines: {node: '>=12.17'}

  tr46@0.0.3:
    resolution: {integrity: sha512-N3WMsuqV66lT30CrXNbEjx4GEwlow3v6rr4mCcv6prnfwhS01rkgyFdjPNBYd9br7LpXV1+Emh01fHnq2Gdgrw==}

  tslib@2.8.1:
    resolution: {integrity: sha512-oJFu94HQb+KVduSUQL7wnpmqnfmLsOA/nAh6b6EH0wCEoK0/mPeXU6c3wKDV83MkOuHPRHtSXKKU99IBazS/2w==}

  typescript@5.9.3:
    resolution: {integrity: sha512-jl1vZzPDinLr9eUt3J/t7V6FgNEw9QjvBPdysz9KfQDD41fQrC2Y4vKQdiaUpFT4bXlb1RHhLpp8wtm6M5TgSw==}
    engines: {node: '>=14.17'}
    hasBin: true

  typical@4.0.0:
    resolution: {integrity: sha512-VAH4IvQ7BDFYglMd7BPRDfLgxZZX4O4TFcRDA6EN5X7erNJJq+McIEp8np9aVtxrCJ6qx4GTYVfOWNjcqwZgRw==}
    engines: {node: '>=8'}

  typical@7.3.0:
    resolution: {integrity: sha512-ya4mg/30vm+DOWfBg4YK3j2WD6TWtRkCbasOJr40CseYENzCUby/7rIvXA99JGsQHeNxLbnXdyLLxKSv3tauFw==}
    engines: {node: '>=12.17'}

  undici-types@6.21.0:
    resolution: {integrity: sha512-iwDZqg0QAGrg9Rav5H4n0M64c3mkR59cJ6wQp+7C4nI0gsmExaedaYLNO44eT4AtBBwjbTiGPMlt2Md0T9H9JQ==}

  use-sync-external-store@1.6.0:
    resolution: {integrity: sha512-Pp6GSwGP/NrPIrxVFAIkOQeyw8lFenOHijQWkUTrDvrF4ALqylP2C/KCkeS9dpUM3KvYRQhna5vt7IL95+ZQ9w==}
    peerDependencies:
      react: ^16.8.0 || ^17.0.0 || ^18.0.0 || ^19.0.0

  w3c-keyname@2.2.8:
    resolution: {integrity: sha512-dpojBhNsCNN7T82Tm7k26A6G9ML3NkhDsnw9n/eoxSRlVBB4CEtIQ/KTCLI2Fwf3ataSXRhYFkQi3SlnFwPvPQ==}

  webidl-conversions@3.0.1:
    resolution: {integrity: sha512-2JAn3z8AR6rjK8Sm8orRC0h/bcl/DqL7tRPdGZ4I1CjdF+EaMLmYxBHyXuKL849eucPFhvBoxMsflfOb8kxaeQ==}

  whatwg-url@5.0.0:
    resolution: {integrity: sha512-saE57nupxk6v3HY35+jzBwYa0rKSy0XR8JSxZPwgLr7ys0IBzhGviA1/TUGJLmSVqs8pb9AnvICXEuOHLprYTw==}

  wordwrapjs@5.1.1:
    resolution: {integrity: sha512-0yweIbkINJodk27gX9LBGMzyQdBDan3s/dEAiwBOj+Mf0PPyWL6/rikalkv8EeD0E8jm4o5RXEOrFTP3NXbhJg==}
    engines: {node: '>=12.17'}

  zustand@5.0.14:
    resolution: {integrity: sha512-/8tAspM5LMPr28b3fwLYrtdj77ECpfZviaP75CMTnwO8ISyaE4GDIG/9rDDYq/cH9D2Xw2A2RXglLInmVBQB/g==}
    engines: {node: '>=12.20.0'}
    peerDependencies:
      '@types/react': '>=18.0.0'
      immer: '>=9.0.6'
      react: '>=18.0.0'
      use-sync-external-store: '>=1.2.0'
    peerDependenciesMeta:
      '@types/react':
        optional: true
      immer:
        optional: true
      react:
        optional: true
      use-sync-external-store:
        optional: true

snapshots:

  '@babel/runtime@7.29.7': {}

  '@base-ui/react@1.6.0(@types/react@19.2.17)(react-dom@19.2.7(react@19.2.7))(react@19.2.7)':
    dependencies:
      '@babel/runtime': 7.29.7
      '@base-ui/utils': 0.3.1(@types/react@19.2.17)(react-dom@19.2.7(react@19.2.7))(react@19.2.7)
      '@floating-ui/react-dom': 2.1.9(react-dom@19.2.7(react@19.2.7))(react@19.2.7)
      '@floating-ui/utils': 0.2.12
      react: 19.2.7
      react-dom: 19.2.7(react@19.2.7)
      use-sync-external-store: 1.6.0(react@19.2.7)
    optionalDependencies:
      '@types/react': 19.2.17

  '@base-ui/utils@0.3.1(@types/react@19.2.17)(react-dom@19.2.7(react@19.2.7))(react@19.2.7)':
    dependencies:
      '@babel/runtime': 7.29.7
      '@floating-ui/utils': 0.2.12
      react: 19.2.7
      react-dom: 19.2.7(react@19.2.7)
      reselect: 5.2.0
      use-sync-external-store: 1.6.0(react@19.2.7)
    optionalDependencies:
      '@types/react': 19.2.17

  '@emotion/hash@0.9.2': {}

  '@floating-ui/core@1.8.0':
    dependencies:
      '@floating-ui/utils': 0.2.12

  '@floating-ui/dom@1.8.0':
    dependencies:
      '@floating-ui/core': 1.8.0
      '@floating-ui/utils': 0.2.12

  '@floating-ui/react-dom@2.1.9(react-dom@19.2.7(react@19.2.7))(react@19.2.7)':
    dependencies:
      '@floating-ui/dom': 1.8.0
      react: 19.2.7
      react-dom: 19.2.7(react@19.2.7)

  '@floating-ui/utils@0.2.12': {}

  '@formatjs/ecma402-abstract@3.1.1':
    dependencies:
      '@formatjs/fast-memoize': 3.1.0
      '@formatjs/intl-localematcher': 0.8.1
      decimal.js: 10.6.0
      tslib: 2.8.1

  '@formatjs/fast-memoize@3.1.0':
    dependencies:
      tslib: 2.8.1

  '@formatjs/icu-messageformat-parser@3.5.1':
    dependencies:
      '@formatjs/ecma402-abstract': 3.1.1
      '@formatjs/icu-skeleton-parser': 2.1.1
      tslib: 2.8.1

  '@formatjs/icu-skeleton-parser@2.1.1':
    dependencies:
      '@formatjs/ecma402-abstract': 3.1.1
      tslib: 2.8.1

  '@formatjs/intl-localematcher@0.8.1':
    dependencies:
      '@formatjs/fast-memoize': 3.1.0
      tslib: 2.8.1

  '@formatjs/intl@4.1.2(typescript@5.9.3)':
    dependencies:
      '@formatjs/ecma402-abstract': 3.1.1
      '@formatjs/fast-memoize': 3.1.0
      '@formatjs/icu-messageformat-parser': 3.5.1
      intl-messageformat: 11.1.2
      tslib: 2.8.1
    optionalDependencies:
      typescript: 5.9.3

  '@graphysdk/i18n@1.7.2(react-intl@8.1.4(@types/react@19.2.17)(react@19.2.7)(typescript@5.9.3))(react@19.2.7)':
    optionalDependencies:
      react: 19.2.7
      react-intl: 8.1.4(@types/react@19.2.17)(react@19.2.7)(typescript@5.9.3)

  '@graphysdk/react-renderer@0.0.1-alpha.20260721093629(eb29d7c905f54018e7048d904b4af8fa)':
    dependencies:
      '@base-ui/react': 1.6.0(@types/react@19.2.17)(react-dom@19.2.7(react@19.2.7))(react@19.2.7)
      '@floating-ui/react-dom': 2.1.9(react-dom@19.2.7(react@19.2.7))(react@19.2.7)
      '@graphysdk/i18n': 1.7.2(react-intl@8.1.4(@types/react@19.2.17)(react@19.2.7)(typescript@5.9.3))(react@19.2.7)
      '@graphysdk/viz-engine': 0.0.1-alpha.20260721093629(react-intl@8.1.4(@types/react@19.2.17)(react@19.2.7)(typescript@5.9.3))(react@19.2.7)
      '@tiptap/core': 3.28.0(@tiptap/pm@3.28.0)
      '@tiptap/extension-bold': 3.28.0(@tiptap/core@3.28.0(@tiptap/pm@3.28.0))
      '@tiptap/extension-document': 3.28.0(@tiptap/core@3.28.0(@tiptap/pm@3.28.0))
      '@tiptap/extension-hard-break': 3.28.0(@tiptap/core@3.28.0(@tiptap/pm@3.28.0))
      '@tiptap/extension-heading': 3.28.0(@tiptap/core@3.28.0(@tiptap/pm@3.28.0))
      '@tiptap/extension-italic': 3.28.0(@tiptap/core@3.28.0(@tiptap/pm@3.28.0))
      '@tiptap/extension-link': 3.28.0(@tiptap/core@3.28.0(@tiptap/pm@3.28.0))(@tiptap/pm@3.28.0)
      '@tiptap/extension-paragraph': 3.28.0(@tiptap/core@3.28.0(@tiptap/pm@3.28.0))
      '@tiptap/extension-text': 3.28.0(@tiptap/core@3.28.0(@tiptap/pm@3.28.0))
      '@tiptap/extension-text-align': 3.28.0(@tiptap/core@3.28.0(@tiptap/pm@3.28.0))
      '@tiptap/extension-text-style': 3.28.0(@tiptap/core@3.28.0(@tiptap/pm@3.28.0))
      '@tiptap/extension-underline': 3.28.0(@tiptap/core@3.28.0(@tiptap/pm@3.28.0))
      '@tiptap/extensions': 3.28.0(@tiptap/core@3.28.0(@tiptap/pm@3.28.0))(@tiptap/pm@3.28.0)
      '@tiptap/pm': 3.28.0
      '@tiptap/react': 3.28.0(@floating-ui/dom@1.8.0)(@tiptap/core@3.28.0(@tiptap/pm@3.28.0))(@tiptap/pm@3.28.0)(@types/react-dom@19.2.3(@types/react@19.2.17))(@types/react@19.2.17)(react-dom@19.2.7(react@19.2.7))(react@19.2.7)
      '@vanilla-extract/css': 1.21.1
      '@vanilla-extract/dynamic': 2.1.5
      clsx: 2.1.1
      color2k: 2.0.4
      d3-interpolate-path: 2.3.0
      motion: 12.42.2(react-dom@19.2.7(react@19.2.7))(react@19.2.7)
      react: 19.2.7
      react-colorful: 5.8.0(react-dom@19.2.7(react@19.2.7))(react@19.2.7)
      react-intl: 8.1.4(@types/react@19.2.17)(react@19.2.7)(typescript@5.9.3)
      zustand: 5.0.14(@types/react@19.2.17)(react@19.2.7)(use-sync-external-store@1.6.0(react@19.2.7))
    transitivePeerDependencies:
      - '@date-fns/tz'
      - '@emotion/is-prop-valid'
      - '@types/react'
      - babel-plugin-macros
      - date-fns
      - encoding
      - immer
      - react-dom
      - typescript
      - use-sync-external-store

  '@graphysdk/viz-engine@0.0.1-alpha.20260721093629(react-intl@8.1.4(@types/react@19.2.17)(react@19.2.7)(typescript@5.9.3))(react@19.2.7)':
    dependencies:
      '@graphysdk/i18n': 1.7.2(react-intl@8.1.4(@types/react@19.2.17)(react@19.2.7)(typescript@5.9.3))(react@19.2.7)
      arquero: 5.4.1
      d3-delaunay: 6.0.4
      d3-regression: 1.3.10
      d3-scale: 4.0.2
      d3-shape: 3.2.0
      d3-time: 2.1.1
      date-fns: 3.6.0
      humanize-duration: 3.34.0
      lodash-es: 4.18.1
    transitivePeerDependencies:
      - encoding
      - react
      - react-intl

  '@swc/helpers@0.5.23':
    dependencies:
      tslib: 2.8.1

  '@tiptap/core@3.28.0(@tiptap/pm@3.28.0)':
    dependencies:
      '@tiptap/pm': 3.28.0

  '@tiptap/extension-bold@3.28.0(@tiptap/core@3.28.0(@tiptap/pm@3.28.0))':
    dependencies:
      '@tiptap/core': 3.28.0(@tiptap/pm@3.28.0)

  '@tiptap/extension-bubble-menu@3.28.0(@tiptap/core@3.28.0(@tiptap/pm@3.28.0))(@tiptap/pm@3.28.0)':
    dependencies:
      '@floating-ui/dom': 1.8.0
      '@tiptap/core': 3.28.0(@tiptap/pm@3.28.0)
      '@tiptap/pm': 3.28.0
    optional: true

  '@tiptap/extension-document@3.28.0(@tiptap/core@3.28.0(@tiptap/pm@3.28.0))':
    dependencies:
      '@tiptap/core': 3.28.0(@tiptap/pm@3.28.0)

  '@tiptap/extension-floating-menu@3.28.0(@floating-ui/dom@1.8.0)(@tiptap/core@3.28.0(@tiptap/pm@3.28.0))(@tiptap/pm@3.28.0)':
    dependencies:
      '@floating-ui/dom': 1.8.0
      '@tiptap/core': 3.28.0(@tiptap/pm@3.28.0)
      '@tiptap/pm': 3.28.0
    optional: true

  '@tiptap/extension-hard-break@3.28.0(@tiptap/core@3.28.0(@tiptap/pm@3.28.0))':
    dependencies:
      '@tiptap/core': 3.28.0(@tiptap/pm@3.28.0)

  '@tiptap/extension-heading@3.28.0(@tiptap/core@3.28.0(@tiptap/pm@3.28.0))':
    dependencies:
      '@tiptap/core': 3.28.0(@tiptap/pm@3.28.0)

  '@tiptap/extension-italic@3.28.0(@tiptap/core@3.28.0(@tiptap/pm@3.28.0))':
    dependencies:
      '@tiptap/core': 3.28.0(@tiptap/pm@3.28.0)

  '@tiptap/extension-link@3.28.0(@tiptap/core@3.28.0(@tiptap/pm@3.28.0))(@tiptap/pm@3.28.0)':
    dependencies:
      '@tiptap/core': 3.28.0(@tiptap/pm@3.28.0)
      '@tiptap/pm': 3.28.0
      linkifyjs: 4.3.3

  '@tiptap/extension-paragraph@3.28.0(@tiptap/core@3.28.0(@tiptap/pm@3.28.0))':
    dependencies:
      '@tiptap/core': 3.28.0(@tiptap/pm@3.28.0)

  '@tiptap/extension-text-align@3.28.0(@tiptap/core@3.28.0(@tiptap/pm@3.28.0))':
    dependencies:
      '@tiptap/core': 3.28.0(@tiptap/pm@3.28.0)

  '@tiptap/extension-text-style@3.28.0(@tiptap/core@3.28.0(@tiptap/pm@3.28.0))':
    dependencies:
      '@tiptap/core': 3.28.0(@tiptap/pm@3.28.0)

  '@tiptap/extension-text@3.28.0(@tiptap/core@3.28.0(@tiptap/pm@3.28.0))':
    dependencies:
      '@tiptap/core': 3.28.0(@tiptap/pm@3.28.0)

  '@tiptap/extension-underline@3.28.0(@tiptap/core@3.28.0(@tiptap/pm@3.28.0))':
    dependencies:
      '@tiptap/core': 3.28.0(@tiptap/pm@3.28.0)

  '@tiptap/extensions@3.28.0(@tiptap/core@3.28.0(@tiptap/pm@3.28.0))(@tiptap/pm@3.28.0)':
    dependencies:
      '@tiptap/core': 3.28.0(@tiptap/pm@3.28.0)
      '@tiptap/pm': 3.28.0

  '@tiptap/pm@3.28.0':
    dependencies:
      prosemirror-changeset: 2.4.1
      prosemirror-commands: 1.7.1
      prosemirror-dropcursor: 1.8.3
      prosemirror-gapcursor: 1.4.1
      prosemirror-history: 1.5.0
      prosemirror-inputrules: 1.5.1
      prosemirror-keymap: 1.2.3
      prosemirror-model: 1.25.11
      prosemirror-schema-list: 1.5.1
      prosemirror-state: 1.4.4
      prosemirror-tables: 1.8.5
      prosemirror-transform: 1.12.0
      prosemirror-view: 1.42.1

  '@tiptap/react@3.28.0(@floating-ui/dom@1.8.0)(@tiptap/core@3.28.0(@tiptap/pm@3.28.0))(@tiptap/pm@3.28.0)(@types/react-dom@19.2.3(@types/react@19.2.17))(@types/react@19.2.17)(react-dom@19.2.7(react@19.2.7))(react@19.2.7)':
    dependencies:
      '@tiptap/core': 3.28.0(@tiptap/pm@3.28.0)
      '@tiptap/pm': 3.28.0
      '@types/react': 19.2.17
      '@types/react-dom': 19.2.3(@types/react@19.2.17)
      '@types/use-sync-external-store': 0.0.6
      fast-equals: 5.4.1
      react: 19.2.7
      react-dom: 19.2.7(react@19.2.7)
      use-sync-external-store: 1.6.0(react@19.2.7)
    optionalDependencies:
      '@tiptap/extension-bubble-menu': 3.28.0(@tiptap/core@3.28.0(@tiptap/pm@3.28.0))(@tiptap/pm@3.28.0)
      '@tiptap/extension-floating-menu': 3.28.0(@floating-ui/dom@1.8.0)(@tiptap/core@3.28.0(@tiptap/pm@3.28.0))(@tiptap/pm@3.28.0)
    transitivePeerDependencies:
      - '@floating-ui/dom'

  '@types/command-line-args@5.2.3': {}

  '@types/command-line-usage@5.0.4': {}

  '@types/hoist-non-react-statics@3.3.7(@types/react@19.2.17)':
    dependencies:
      '@types/react': 19.2.17
      hoist-non-react-statics: 3.3.2

  '@types/node@20.19.43':
    dependencies:
      undici-types: 6.21.0

  '@types/react-dom@19.2.3(@types/react@19.2.17)':
    dependencies:
      '@types/react': 19.2.17

  '@types/react@19.2.17':
    dependencies:
      csstype: 3.2.3

  '@types/use-sync-external-store@0.0.6': {}

  '@vanilla-extract/css@1.21.1':
    dependencies:
      '@emotion/hash': 0.9.2
      '@vanilla-extract/private': 1.0.9
      css-what: 6.2.2
      csstype: 3.2.3
      dedent: 1.7.2
      deep-object-diff: 1.1.9
      deepmerge: 4.3.1
      lru-cache: 10.4.3
      media-query-parser: 2.0.2
      modern-ahocorasick: 1.1.0
      picocolors: 1.1.1
    transitivePeerDependencies:
      - babel-plugin-macros

  '@vanilla-extract/dynamic@2.1.5':
    dependencies:
      '@vanilla-extract/private': 1.0.9

  '@vanilla-extract/private@1.0.9': {}

  acorn@8.17.0: {}

  ansi-styles@4.3.0:
    dependencies:
      color-convert: 2.0.1

  apache-arrow@15.0.2:
    dependencies:
      '@swc/helpers': 0.5.23
      '@types/command-line-args': 5.2.3
      '@types/command-line-usage': 5.0.4
      '@types/node': 20.19.43
      command-line-args: 5.2.1
      command-line-usage: 7.0.4
      flatbuffers: 23.5.26
      json-bignum: 0.0.3
      tslib: 2.8.1

  arquero@5.4.1:
    dependencies:
      acorn: 8.17.0
      apache-arrow: 15.0.2
      node-fetch: 2.7.0
    transitivePeerDependencies:
      - encoding

  array-back@3.1.0: {}

  array-back@6.2.3: {}

  chalk-template@0.4.0:
    dependencies:
      chalk: 4.1.2

  chalk@4.1.2:
    dependencies:
      ansi-styles: 4.3.0
      supports-color: 7.2.0

  clsx@2.1.1: {}

  color-convert@2.0.1:
    dependencies:
      color-name: 1.1.4

  color-name@1.1.4: {}

  color2k@2.0.4: {}

  command-line-args@5.2.1:
    dependencies:
      array-back: 3.1.0
      find-replace: 3.0.0
      lodash.camelcase: 4.3.0
      typical: 4.0.0

  command-line-usage@7.0.4:
    dependencies:
      array-back: 6.2.3
      chalk-template: 0.4.0
      table-layout: 4.1.1
      typical: 7.3.0

  css-what@6.2.2: {}

  csstype@3.2.3: {}

  d3-array@2.12.1:
    dependencies:
      internmap: 1.0.1

  d3-array@3.2.4:
    dependencies:
      internmap: 2.0.3

  d3-color@3.1.0: {}

  d3-delaunay@6.0.4:
    dependencies:
      delaunator: 5.1.0

  d3-format@3.1.2: {}

  d3-interpolate-path@2.3.0: {}

  d3-interpolate@3.0.1:
    dependencies:
      d3-color: 3.1.0

  d3-path@3.1.0: {}

  d3-regression@1.3.10: {}

  d3-scale@4.0.2:
    dependencies:
      d3-array: 3.2.4
      d3-format: 3.1.2
      d3-interpolate: 3.0.1
      d3-time: 2.1.1
      d3-time-format: 4.1.0

  d3-shape@3.2.0:
    dependencies:
      d3-path: 3.1.0

  d3-time-format@4.1.0:
    dependencies:
      d3-time: 2.1.1

  d3-time@2.1.1:
    dependencies:
      d3-array: 2.12.1

  date-fns@3.6.0: {}

  decimal.js@10.6.0: {}

  dedent@1.7.2: {}

  deep-object-diff@1.1.9: {}

  deepmerge@4.3.1: {}

  delaunator@5.1.0:
    dependencies:
      robust-predicates: 3.0.3

  fast-equals@5.4.1: {}

  find-replace@3.0.0:
    dependencies:
      array-back: 3.1.0

  flatbuffers@23.5.26: {}

  framer-motion@12.42.2(react-dom@19.2.7(react@19.2.7))(react@19.2.7):
    dependencies:
      motion-dom: 12.42.2
      motion-utils: 12.39.0
      tslib: 2.8.1
    optionalDependencies:
      react: 19.2.7
      react-dom: 19.2.7(react@19.2.7)

  has-flag@4.0.0: {}

  hoist-non-react-statics@3.3.2:
    dependencies:
      react-is: 16.13.1

  humanize-duration@3.34.0: {}

  internmap@1.0.1: {}

  internmap@2.0.3: {}

  intl-messageformat@11.1.2:
    dependencies:
      '@formatjs/ecma402-abstract': 3.1.1
      '@formatjs/fast-memoize': 3.1.0
      '@formatjs/icu-messageformat-parser': 3.5.1
      tslib: 2.8.1

  json-bignum@0.0.3: {}

  linkifyjs@4.3.3: {}

  lodash-es@4.18.1: {}

  lodash.camelcase@4.3.0: {}

  lru-cache@10.4.3: {}

  media-query-parser@2.0.2:
    dependencies:
      '@babel/runtime': 7.29.7

  modern-ahocorasick@1.1.0: {}

  motion-dom@12.42.2:
    dependencies:
      motion-utils: 12.39.0

  motion-utils@12.39.0: {}

  motion@12.42.2(react-dom@19.2.7(react@19.2.7))(react@19.2.7):
    dependencies:
      framer-motion: 12.42.2(react-dom@19.2.7(react@19.2.7))(react@19.2.7)
      tslib: 2.8.1
    optionalDependencies:
      react: 19.2.7
      react-dom: 19.2.7(react@19.2.7)

  node-fetch@2.7.0:
    dependencies:
      whatwg-url: 5.0.0

  orderedmap@2.1.1: {}

  picocolors@1.1.1: {}

  prosemirror-changeset@2.4.1:
    dependencies:
      prosemirror-transform: 1.12.0

  prosemirror-commands@1.7.1:
    dependencies:
      prosemirror-model: 1.25.11
      prosemirror-state: 1.4.4
      prosemirror-transform: 1.12.0

  prosemirror-dropcursor@1.8.3:
    dependencies:
      prosemirror-state: 1.4.4
      prosemirror-transform: 1.12.0
      prosemirror-view: 1.42.1

  prosemirror-gapcursor@1.4.1:
    dependencies:
      prosemirror-keymap: 1.2.3
      prosemirror-model: 1.25.11
      prosemirror-state: 1.4.4
      prosemirror-view: 1.42.1

  prosemirror-history@1.5.0:
    dependencies:
      prosemirror-state: 1.4.4
      prosemirror-transform: 1.12.0
      prosemirror-view: 1.42.1
      rope-sequence: 1.3.4

  prosemirror-inputrules@1.5.1:
    dependencies:
      prosemirror-state: 1.4.4
      prosemirror-transform: 1.12.0

  prosemirror-keymap@1.2.3:
    dependencies:
      prosemirror-state: 1.4.4
      w3c-keyname: 2.2.8

  prosemirror-model@1.25.11:
    dependencies:
      orderedmap: 2.1.1

  prosemirror-schema-list@1.5.1:
    dependencies:
      prosemirror-model: 1.25.11
      prosemirror-state: 1.4.4
      prosemirror-transform: 1.12.0

  prosemirror-state@1.4.4:
    dependencies:
      prosemirror-model: 1.25.11
      prosemirror-transform: 1.12.0
      prosemirror-view: 1.42.1

  prosemirror-tables@1.8.5:
    dependencies:
      prosemirror-keymap: 1.2.3
      prosemirror-model: 1.25.11
      prosemirror-state: 1.4.4
      prosemirror-transform: 1.12.0
      prosemirror-view: 1.42.1

  prosemirror-transform@1.12.0:
    dependencies:
      prosemirror-model: 1.25.11

  prosemirror-view@1.42.1:
    dependencies:
      prosemirror-model: 1.25.11
      prosemirror-state: 1.4.4
      prosemirror-transform: 1.12.0

  react-colorful@5.8.0(react-dom@19.2.7(react@19.2.7))(react@19.2.7):
    dependencies:
      react: 19.2.7
      react-dom: 19.2.7(react@19.2.7)

  react-dom@19.2.7(react@19.2.7):
    dependencies:
      react: 19.2.7
      scheduler: 0.27.0

  react-intl@8.1.4(@types/react@19.2.17)(react@19.2.7)(typescript@5.9.3):
    dependencies:
      '@formatjs/ecma402-abstract': 3.1.1
      '@formatjs/icu-messageformat-parser': 3.5.1
      '@formatjs/intl': 4.1.2(typescript@5.9.3)
      '@types/hoist-non-react-statics': 3.3.7(@types/react@19.2.17)
      '@types/react': 19.2.17
      hoist-non-react-statics: 3.3.2
      intl-messageformat: 11.1.2
      react: 19.2.7
      tslib: 2.8.1
    optionalDependencies:
      typescript: 5.9.3

  react-is@16.13.1: {}

  react@19.2.7: {}

  reselect@5.2.0: {}

  robust-predicates@3.0.3: {}

  rope-sequence@1.3.4: {}

  scheduler@0.27.0: {}

  supports-color@7.2.0:
    dependencies:
      has-flag: 4.0.0

  table-layout@4.1.1:
    dependencies:
      array-back: 6.2.3
      wordwrapjs: 5.1.1

  tr46@0.0.3: {}

  tslib@2.8.1: {}

  typescript@5.9.3: {}

  typical@4.0.0: {}

  typical@7.3.0: {}

  undici-types@6.21.0: {}

  use-sync-external-store@1.6.0(react@19.2.7):
    dependencies:
      react: 19.2.7

  w3c-keyname@2.2.8: {}

  webidl-conversions@3.0.1: {}

  whatwg-url@5.0.0:
    dependencies:
      tr46: 0.0.3
      webidl-conversions: 3.0.1

  wordwrapjs@5.1.1: {}

  zustand@5.0.14(@types/react@19.2.17)(react@19.2.7)(use-sync-external-store@1.6.0(react@19.2.7)):
    optionalDependencies:
      '@types/react': 19.2.17
      react: 19.2.7
      use-sync-external-store: 1.6.0(react@19.2.7)
